// !$*UTF8*$!
{
	archiveVersion = 1;
	classes = {
	};
	objectVersion = 50;
	objects = {

/* Begin PBXBuildFile section */
		5FEF28CA20AB127B00FD604D /* AppDelegate.swift in Sources */ = {isa = PBXBuildFile; fileRef = 5FEF28C920AB127B00FD604D /* AppDelegate.swift */; };
		5FEF28CC20AB127B00FD604D /* ViewController.swift in Sources */ = {isa = PBXBuildFile; fileRef = 5FEF28CB20AB127B00FD604D /* ViewController.swift */; };
		5FEF28CF20AB127B00FD604D /* Main.storyboard in Resources */ = {isa = PBXBuildFile; fileRef = 5FEF28CD20AB127B00FD604D /* Main.storyboard */; };
		5FEF28D120AB127D00FD604D /* Assets.xcassets in Resources */ = {isa = PBXBuildFile; fileRef = 5FEF28D020AB127D00FD604D /* Assets.xcassets */; };
		5FEF28D420AB127D00FD604D /* LaunchScreen.storyboard in Resources */ = {isa = PBXBuildFile; fileRef = 5FEF28D220AB127D00FD604D /* LaunchScreen.storyboard */; };
		5FEF28DF20AB127E00FD604D /* GuardiansOfBoxTests.swift in Sources */ = {isa = PBXBuildFile; fileRef = 5FEF28DE20AB127E00FD604D /* GuardiansOfBoxTests.swift */; };
		5FEF28EA20AB127E00FD604D /* GuardiansOfBoxUITests.swift in Sources */ = {isa = PBXBuildFile; fileRef = 5FEF28E920AB127E00FD604D /* GuardiansOfBoxUITests.swift */; };
		90543843827BE6DA126435B0 /* libPods-GuardiansOfBox.a in Frameworks */ = {isa = PBXBuildFile; fileRef = 58DC064BB611D42536CF0053 /* libPods-GuardiansOfBox.a */; };
/* End PBXBuildFile section */

/* Begin PBXContainerItemProxy section */
		5FEF28DB20AB127E00FD604D /* PBXContainerItemProxy */ = {
			isa = PBXContainerItemProxy;
			containerPortal = 5FEF28BE20AB127B00FD604D /* Project object */;
			proxyType = 1;
			remoteGlobalIDString = 5FEF28C520AB127B00FD604D;
			remoteInfo = GuardiansOfBox;
		};
		5FEF28E620AB127E00FD604D /* PBXContainerItemProxy */ = {
			isa = PBXContainerItemProxy;
			containerPortal = 5FEF28BE20AB127B00FD604D /* Project object */;
			proxyType = 1;
			remoteGlobalIDString = 5FEF28C520AB127B00FD604D;
			remoteInfo = GuardiansOfBox;
		};
/* End PBXContainerItemProxy section */

/* Begin PBXFileReference section */
		2527E73353CE8595C1B66EAA /* Pods-GuardiansOfBox.debug.xcconfig */ = {isa = PBXFileReference; includeInIndex = 1; lastKnownFileType = text.xcconfig; name = "Pods-GuardiansOfBox.debug.xcconfig"; path = "Pods/Target Support Files/Pods-GuardiansOfBox/Pods-GuardiansOfBox.debug.xcconfig"; sourceTree = "<group>"; };
		48F28A09BA69289F43C8983B /* Pods-GuardiansOfBox.release.xcconfig */ = {isa = PBXFileReference; includeInIndex = 1; lastKnownFileType = text.xcconfig; name = "Pods-GuardiansOfBox.release.xcconfig"; path = "Pods/Target Support Files/Pods-GuardiansOfBox/Pods-GuardiansOfBox.release.xcconfig"; sourceTree = "<group>"; };
		58DC064BB611D42536CF0053 /* libPods-GuardiansOfBox.a */ = {isa = PBXFileReference; explicitFileType = archive.ar; includeInIndex = 0; path = "libPods-GuardiansOfBox.a"; sourceTree = BUILT_PRODUCTS_DIR; };
		5FEF28C620AB127B00FD604D /* GuardiansOfBox.app */ = {isa = PBXFileReference; explicitFileType = wrapper.application; includeInIndex = 0; path = GuardiansOfBox.app; sourceTree = BUILT_PRODUCTS_DIR; };
		5FEF28C920AB127B00FD604D /* AppDelegate.swift */ = {isa = PBXFileReference; lastKnownFileType = sourcecode.swift; path = AppDelegate.swift; sourceTree = "<group>"; };
		5FEF28CB20AB127B00FD604D /* ViewController.swift */ = {isa = PBXFileReference; lastKnownFileType = sourcecode.swift; path = ViewController.swift; sourceTree = "<group>"; };
		5FEF28CE20AB127B00FD604D /* Base */ = {isa = PBXFileReference; lastKnownFileType = file.storyboard; name = Base; path = Base.lproj/Main.storyboard; sourceTree = "<group>"; };
		5FEF28D020AB127D00FD604D /* Assets.xcassets */ = {isa = PBXFileReference; lastKnownFileType = folder.assetcatalog; path = Assets.xcassets; sourceTree = "<group>"; };
		5FEF28D320AB127D00FD604D /* Base */ = {isa = PBXFileReference; lastKnownFileType = file.storyboard; name = Base; path = Base.lproj/LaunchScreen.storyboard; sourceTree = "<group>"; };
		5FEF28D520AB127D00FD604D /* Info.plist */ = {isa = PBXFileReference; lastKnownFileType = text.plist.xml; path = Info.plist; sourceTree = "<group>"; };
		5FEF28DA20AB127E00FD604D /* GuardiansOfBoxTests.xctest */ = {isa = PBXFileReference; explicitFileType = wrapper.cfbundle; includeInIndex = 0; path = GuardiansOfBoxTests.xctest; sourceTree = BUILT_PRODUCTS_DIR; };
		5FEF28DE20AB127E00FD604D /* GuardiansOfBoxTests.swift */ = {isa = PBXFileReference; lastKnownFileType = sourcecode.swift; path = GuardiansOfBoxTests.swift; sourceTree = "<group>"; };
		5FEF28E020AB127E00FD604D /* Info.plist */ = {isa = PBXFileReference; lastKnownFileType = text.plist.xml; path = Info.plist; sourceTree = "<group>"; };
		5FEF28E520AB127E00FD604D /* GuardiansOfBoxUITests.xctest */ = {isa = PBXFileReference; explicitFileType = wrapper.cfbundle; includeInIndex = 0; path = GuardiansOfBoxUITests.xctest; sourceTree = BUILT_PRODUCTS_DIR; };
		5FEF28E920AB127E00FD604D /* GuardiansOfBoxUITests.swift */ = {isa = PBXFileReference; lastKnownFileType = sourcecode.swift; path = GuardiansOfBoxUITests.swift; sourceTree = "<group>"; };
		5FEF28EB20AB127E00FD604D /* Info.plist */ = {isa = PBXFileReference; lastKnownFileType = text.plist.xml; path = Info.plist; sourceTree = "<group>"; };
/* End PBXFileReference section */

/* Begin PBXFrameworksBuildPhase section */
		5FEF28C320AB127B00FD604D /* Frameworks */ = {
			isa = PBXFrameworksBuildPhase;
			buildActionMask = 2147483647;
			files = (
				90543843827BE6DA126435B0 /* libPods-GuardiansOfBox.a in Frameworks */,
			);
			runOnlyForDeploymentPostprocessing = 0;
		};
		5FEF28D720AB127E00FD604D /* Frameworks */ = {
			isa = PBXFrameworksBuildPhase;
			buildActionMask = 2147483647;
			files = (
			);
			runOnlyForDeploymentPostprocessing = 0;
		};
		5FEF28E220AB127E00FD604D /* Frameworks */ = {
			isa = PBXFrameworksBuildPhase;
			buildActionMask = 2147483647;
			files = (
			);
			runOnlyForDeploymentPostprocessing = 0;
		};
/* End PBXFrameworksBuildPhase section */

/* Begin PBXGroup section */
		002A2E527EBE0C6B602B8D8E /* Pods */ = {
			isa = PBXGroup;
			children = (
				2527E73353CE8595C1B66EAA /* Pods-GuardiansOfBox.debug.xcconfig */,
				48F28A09BA69289F43C8983B /* Pods-GuardiansOfBox.release.xcconfig */,
			);
			name = Pods;
			sourceTree = "<group>";
		};
		5FEF28BD20AB127B00FD604D = {
			isa = PBXGroup;
			children = (
				5FEF28C820AB127B00FD604D /* GuardiansOfBox */,
				5FEF28DD20AB127E00FD604D /* GuardiansOfBoxTests */,
				5FEF28E820AB127E00FD604D /* GuardiansOfBoxUITests */,
				5FEF28C720AB127B00FD604D /* Products */,
				002A2E527EBE0C6B602B8D8E /* Pods */,
				BE9F218E929C40C54D1AD69A /* Frameworks */,
			);
			sourceTree = "<group>";
		};
		5FEF28C720AB127B00FD604D /* Products */ = {
			isa = PBXGroup;
			children = (
				5FEF28C620AB127B00FD604D /* GuardiansOfBox.app */,
				5FEF28DA20AB127E00FD604D /* GuardiansOfBoxTests.xctest */,
				5FEF28E520AB127E00FD604D /* GuardiansOfBoxUITests.xctest */,
			);
			name = Products;
			sourceTree = "<group>";
		};
		5FEF28C820AB127B00FD604D /* GuardiansOfBox */ = {
			isa = PBXGroup;
			children = (
				5FEF28C920AB127B00FD604D /* AppDelegate.swift */,
				5FEF28CB20AB127B00FD604D /* ViewController.swift */,
				5FEF28CD20AB127B00FD604D /* Main.storyboard */,
				5FEF28D020AB127D00FD604D /* Assets.xcassets */,
				5FEF28D220AB127D00FD604D /* LaunchScreen.storyboard */,
				5FEF28D520AB127D00FD604D /* Info.plist */,
			);
			path = GuardiansOfBox;
			sourceTree = "<group>";
		};
		5FEF28DD20AB127E00FD604D /* GuardiansOfBoxTests */ = {
			isa = PBXGroup;
			children = (
				5FEF28DE20AB127E00FD604D /* GuardiansOfBoxTests.swift */,
				5FEF28E020AB127E00FD604D /* Info.plist */,
			);
			path = GuardiansOfBoxTests;
			sourceTree = "<group>";
		};
		5FEF28E820AB127E00FD604D /* GuardiansOfBoxUITests */ = {
			isa = PBXGroup;
			children = (
				5FEF28E920AB127E00FD604D /* GuardiansOfBoxUITests.swift */,
				5FEF28EB20AB127E00FD604D /* Info.plist */,
			);
			path = GuardiansOfBoxUITests;
			sourceTree = "<group>";
		};
		BE9F218E929C40C54D1AD69A /* Frameworks */ = {
			isa = PBXGroup;
			children = (
				58DC064BB611D42536CF0053 /* libPods-GuardiansOfBox.a */,
			);
			name = Frameworks;
			sourceTree = "<group>";
		};
/* End PBXGroup section */

/* Begin PBXNativeTarget section */
		5FEF28C520AB127B00FD604D /* GuardiansOfBox */ = {
			isa = PBXNativeTarget;
			buildConfigurationList = 5FEF28EE20AB127E00FD604D /* Build configuration list for PBXNativeTarget "GuardiansOfBox" */;
			buildPhases = (
				075FA42816B7444F147CA8B2 /* [CP] Check Pods Manifest.lock */,
				5FEF28C220AB127B00FD604D /* Sources */,
				5FEF28C320AB127B00FD604D /* Frameworks */,
				5FEF28C420AB127B00FD604D /* Resources */,
				BF7528017EEE8743CA513E34 /* [CP] Copy Pods Resources */,
			);
			buildRules = (
			);
			dependencies = (
			);
			name = GuardiansOfBox;
			productName = GuardiansOfBox;
			productReference = 5FEF28C620AB127B00FD604D /* GuardiansOfBox.app */;
			productType = "com.apple.product-type.application";
		};
		5FEF28D920AB127E00FD604D /* GuardiansOfBoxTests */ = {
			isa = PBXNativeTarget;
			buildConfigurationList = 5FEF28F120AB127E00FD604D /* Build configuration list for PBXNativeTarget "GuardiansOfBoxTests" */;
			buildPhases = (
				5FEF28D620AB127E00FD604D /* Sources */,
				5FEF28D720AB127E00FD604D /* Frameworks */,
				5FEF28D820AB127E00FD604D /* Resources */,
			);
			buildRules = (
			);
			dependencies = (
				5FEF28DC20AB127E00FD604D /* PBXTargetDependency */,
			);
			name = GuardiansOfBoxTests;
			productName = GuardiansOfBoxTests;
			productReference = 5FEF28DA20AB127E00FD604D /* GuardiansOfBoxTests.xctest */;
			productType = "com.apple.product-type.bundle.unit-test";
		};
		5FEF28E420AB127E00FD604D /* GuardiansOfBoxUITests */ = {
			isa = PBXNativeTarget;
			buildConfigurationList = 5FEF28F420AB127E00FD604D /* Build configuration list for PBXNativeTarget "GuardiansOfBoxUITests" */;
			buildPhases = (
				5FEF28E120AB127E00FD604D /* Sources */,
				5FEF28E220AB127E00FD604D /* Frameworks */,
				5FEF28E320AB127E00FD604D /* Resources */,
			);
			buildRules = (
			);
			dependencies = (
				5FEF28E720AB127E00FD604D /* PBXTargetDependency */,
			);
			name = GuardiansOfBoxUITests;
			productName = GuardiansOfBoxUITests;
			productReference = 5FEF28E520AB127E00FD604D /* GuardiansOfBoxUITests.xctest */;
			productType = "com.apple.product-type.bundle.ui-testing";
		};
/* End PBXNativeTarget section */

/* Begin PBXProject section */
		5FEF28BE20AB127B00FD604D /* Project object */ = {
			isa = PBXProject;
			attributes = {
				LastSwiftUpdateCheck = 0930;
				LastUpgradeCheck = 0930;
				ORGANIZATIONNAME = EasyGoing;
				TargetAttributes = {
					5FEF28C520AB127B00FD604D = {
						CreatedOnToolsVersion = 9.3;
					};
					5FEF28D920AB127E00FD604D = {
						CreatedOnToolsVersion = 9.3;
						TestTargetID = 5FEF28C520AB127B00FD604D;
					};
					5FEF28E420AB127E00FD604D = {
						CreatedOnToolsVersion = 9.3;
						TestTargetID = 5FEF28C520AB127B00FD604D;
					};
				};
			};
			buildConfigurationList = 5FEF28C120AB127B00FD604D /* Build configuration list for PBXProject "GuardiansOfBox" */;
			compatibilityVersion = "Xcode 9.3";
			developmentRegion = en;
			hasScannedForEncodings = 0;
			knownRegions = (
				en,
				Base,
			);
			mainGroup = 5FEF28BD20AB127B00FD604D;
			productRefGroup = 5FEF28C720AB127B00FD604D /* Products */;
			projectDirPath = "";
			projectRoot = "";
			targets = (
				5FEF28C520AB127B00FD604D /* GuardiansOfBox */,
				5FEF28D920AB127E00FD604D /* GuardiansOfBoxTests */,
				5FEF28E420AB127E00FD604D /* GuardiansOfBoxUITests */,
			);
		};
/* End PBXProject section */

/* Begin PBXResourcesBuildPhase section */
		5FEF28C420AB127B00FD604D /* Resources */ = {
			isa = PBXResourcesBuildPhase;
			buildActionMask = 2147483647;
			files = (
				5FEF28D420AB127D00FD604D /* LaunchScreen.storyboard in Resources */,
				5FEF28D120AB127D00FD604D /* Assets.xcassets in Resources */,
				5FEF28CF20AB127B00FD604D /* Main.storyboard in Resources */,
			);
			runOnlyForDeploymentPostprocessing = 0;
		};
		5FEF28D820AB127E00FD604D /* Resources */ = {
			isa = PBXResourcesBuildPhase;
			buildActionMask = 2147483647;
			files = (
			);
			runOnlyForDeploymentPostprocessing = 0;
		};
		5FEF28E320AB127E00FD604D /* Resources */ = {
			isa = PBXResourcesBuildPhase;
			buildActionMask = 2147483647;
			files = (
			);
			runOnlyForDeploymentPostprocessing = 0;
		};
/* End PBXResourcesBuildPhase section */

/* Begin PBXShellScriptBuildPhase section */
		075FA42816B7444F147CA8B2 /* [CP] Check Pods Manifest.lock */ = {
			isa = PBXShellScriptBuildPhase;
			buildActionMask = 2147483647;
			files = (
			);
			inputPaths = (
				"${PODS_PODFILE_DIR_PATH}/Podfile.lock",
				"${PODS_ROOT}/Manifest.lock",
			);
			name = "[CP] Check Pods Manifest.lock";
			outputPaths = (
				"$(DERIVED_FILE_DIR)/Pods-GuardiansOfBox-checkManifestLockResult.txt",
			);
			runOnlyForDeploymentPostprocessing = 0;
			shellPath = /bin/sh;
			shellScript = "diff \"${PODS_PODFILE_DIR_PATH}/Podfile.lock\" \"${PODS_ROOT}/Manifest.lock\" > /dev/null\nif [ $? != 0 ] ; then\n    # print error to STDERR\n    echo \"error: The sandbox is not in sync with the Podfile.lock. Run 'pod install' or update your CocoaPods installation.\" >&2\n    exit 1\nfi\n# This output is used by Xcode 'outputs' to avoid re-running this script phase.\necho \"SUCCESS\" > \"${SCRIPT_OUTPUT_FILE_0}\"\n";
			showEnvVarsInLog = 0;
		};
		BF7528017EEE8743CA513E34 /* [CP] Copy Pods Resources */ = {
			isa = PBXShellScriptBuildPhase;
			buildActionMask = 2147483647;
			files = (
			);
			inputPaths = (
				"${SRCROOT}/Pods/Target Support Files/Pods-GuardiansOfBox/Pods-GuardiansOfBox-resources.sh",
				"${PODS_ROOT}/IQKeyboardManager/IQKeyboardManager/Resources/IQKeyboardManager.bundle",
				"${PODS_ROOT}/MJRefresh/MJRefresh/MJRefresh.bundle",
			);
			name = "[CP] Copy Pods Resources";
			outputPaths = (
				"${TARGET_BUILD_DIR}/${UNLOCALIZED_RESOURCES_FOLDER_PATH}/IQKeyboardManager.bundle",
				"${TARGET_BUILD_DIR}/${UNLOCALIZED_RESOURCES_FOLDER_PATH}/MJRefresh.bundle",
			);
			runOnlyForDeploymentPostprocessing = 0;
			shellPath = /bin/sh;
			shellScript = "\"${SRCROOT}/Pods/Target Support Files/Pods-GuardiansOfBox/Pods-GuardiansOfBox-resources.sh\"\n";
			showEnvVarsInLog = 0;
		};
/* End PBXShellScriptBuildPhase section */

/* Begin PBXSourcesBuildPhase section */
		5FEF28C220AB127B00FD604D /* Sources */ = {
			isa = PBXSourcesBuildPhase;
			buildActionMask = 2147483647;
			files = (
				5FEF28CC20AB127B00FD604D /* ViewController.swift in Sources */,
				5FEF28CA20AB127B00FD604D /* AppDelegate.swift in Sources */,
			);
			runOnlyForDeploymentPostprocessing = 0;
		};
		5FEF28D620AB127E00FD604D /* Sources */ = {
			isa = PBXSourcesBuildPhase;
			buildActionMask = 2147483647;
			files = (
				5FEF28DF20AB127E00FD604D /* GuardiansOfBoxTests.swift in Sources */,
			);
			runOnlyForDeploymentPostprocessing = 0;
		};
		5FEF28E120AB127E00FD604D /* Sources */ = {
			isa = PBXSourcesBuildPhase;
			buildActionMask = 2147483647;
			files = (
				5FEF28EA20AB127E00FD604D /* GuardiansOfBoxUITests.swift in Sources */,
			);
			runOnlyForDeploymentPostprocessing = 0;
		};
/* End PBXSourcesBuildPhase section */

/* Begin PBXTargetDependency section */
		5FEF28DC20AB127E00FD604D /* PBXTargetDependency */ = {
			isa = PBXTargetDependency;
			target = 5FEF28C520AB127B00FD604D /* GuardiansOfBox */;
			targetProxy = 5FEF28DB20AB127E00FD604D /* PBXContainerItemProxy */;
		};
		5FEF28E720AB127E00FD604D /* PBXTargetDependency */ = {
			isa = PBXTargetDependency;
			target = 5FEF28C520AB127B00FD604D /* GuardiansOfBox */;
			targetProxy = 5FEF28E620AB127E00FD604D /* PBXContainerItemProxy */;
		};
/* End PBXTargetDependency section */

/* Begin PBXVariantGroup section */
		5FEF28CD20AB127B00FD604D /* Main.storyboard */ = {
			isa = PBXVariantGroup;
			children = (
				5FEF28CE20AB127B00FD604D /* Base */,
			);
			name = Main.storyboard;
			sourceTree = "<group>";
		};
		5FEF28D220AB127D00FD604D /* LaunchScreen.storyboard */ = {
			isa = PBXVariantGroup;
			children = (
				5FEF28D320AB127D00FD604D /* Base */,
			);
			name = LaunchScreen.storyboard;
			sourceTree = "<group>";
		};
/* End PBXVariantGroup section */

/* Begin XCBuildConfiguration section */
		5FEF28EC20AB127E00FD604D /* Debug */ = {
			isa = XCBuildConfiguration;
			buildSettings = {
				ALWAYS_SEARCH_USER_PATHS = NO;
				CLANG_ANALYZER_NONNULL = YES;
				CLANG_ANALYZER_NUMBER_OBJECT_CONVERSION = YES_AGGRESSIVE;
				CLANG_CXX_LANGUAGE_STANDARD = "gnu++14";
				CLANG_CXX_LIBRARY = "libc++";
				CLANG_ENABLE_MODULES = YES;
				CLANG_ENABLE_OBJC_ARC = YES;
				CLANG_ENABLE_OBJC_WEAK = YES;
				CLANG_WARN_BLOCK_CAPTURE_AUTORELEASING = YES;
				CLANG_WARN_BOOL_CONVERSION = YES;
				CLANG_WARN_COMMA = YES;
				CLANG_WARN_CONSTANT_CONVERSION = YES;
				CLANG_WARN_DEPRECATED_OBJC_IMPLEMENTATIONS = YES;
				CLANG_WARN_DIRECT_OBJC_ISA_USAGE = YES_ERROR;
				CLANG_WARN_DOCUMENTATION_COMMENTS = YES;
				CLANG_WARN_EMPTY_BODY = YES;
				CLANG_WARN_ENUM_CONVERSION = YES;
				CLANG_WARN_INFINITE_RECURSION = YES;
				CLANG_WARN_INT_CONVERSION = YES;
				CLANG_WARN_NON_LITERAL_NULL_CONVERSION = YES;
				CLANG_WARN_OBJC_IMPLICIT_RETAIN_SELF = YES;
				CLANG_WARN_OBJC_LITERAL_CONVERSION = YES;
				CLANG_WARN_OBJC_ROOT_CLASS = YES_ERROR;
				CLANG_WARN_RANGE_LOOP_ANALYSIS = YES;
				CLANG_WARN_STRICT_PROTOTYPES = YES;
				CLANG_WARN_SUSPICIOUS_MOVE = YES;
				CLANG_WARN_UNGUARDED_AVAILABILITY = YES_AGGRESSIVE;
				CLANG_WARN_UNREACHABLE_CODE = YES;
				CLANG_WARN__DUPLICATE_METHOD_MATCH = YES;
				CODE_SIGN_IDENTITY = "iPhone Developer";
				COPY_PHASE_STRIP = NO;
				DEBUG_INFORMATION_FORMAT = dwarf;
				ENABLE_STRICT_OBJC_MSGSEND = YES;
				ENABLE_TESTABILITY = YES;
				GCC_C_LANGUAGE_STANDARD = gnu11;
				GCC_DYNAMIC_NO_PIC = NO;
				GCC_NO_COMMON_BLOCKS = YES;
				GCC_OPTIMIZATION_LEVEL = 0;
				GCC_PREPROCESSOR_DEFINITIONS = (
					"DEBUG=1",
					"$(inherited)",
				);
				GCC_WARN_64_TO_32_BIT_CONVERSION = YES;
				GCC_WARN_ABOUT_RETURN_TYPE = YES_ERROR;
				GCC_WARN_UNDECLARED_SELECTOR = YES;
				GCC_WARN_UNINITIALIZED_AUTOS = YES_AGGRESSIVE;
				GCC_WARN_UNUSED_FUNCTION = YES;
				GCC_WARN_UNUSED_VARIABLE = YES;
				IPHONEOS_DEPLOYMENT_TARGET = 11.3;
				MTL_ENABLE_DEBUG_INFO = YES;
				ONLY_ACTIVE_ARCH = YES;
				SDKROOT = iphoneos;
				SWIFT_ACTIVE_COMPILATION_CONDITIONS = DEBUG;
				SWIFT_OPTIMIZATION_LEVEL = "-Onone";
			};
			name = Debug;
		};
		5FEF28ED20AB127E00FD604D /* Release */ = {
			isa = XCBuildConfiguration;
			buildSettings = {
				ALWAYS_SEARCH_USER_PATHS = NO;
				CLANG_ANALYZER_NONNULL = YES;
				CLANG_ANALYZER_NUMBER_OBJECT_CONVERSION = YES_AGGRESSIVE;
				CLANG_CXX_LANGUAGE_STANDARD = "gnu++14";
				CLANG_CXX_LIBRARY = "libc++";
				CLANG_ENABLE_MODULES = YES;
				CLANG_ENABLE_OBJC_ARC = YES;
				CLANG_ENABLE_OBJC_WEAK = YES;
				CLANG_WARN_BLOCK_CAPTURE_AUTORELEASING = YES;
				CLANG_WARN_BOOL_CONVERSION = YES;
				CLANG_WARN_COMMA = YES;
				CLANG_WARN_CONSTANT_CONVERSION = YES;
				CLANG_WARN_DEPRECATED_OBJC_IMPLEMENTATIONS = YES;
				CLANG_WARN_DIRECT_OBJC_ISA_USAGE = YES_ERROR;
				CLANG_WARN_DOCUMENTATION_COMMENTS = YES;
				CLANG_WARN_EMPTY_BODY = YES;
				CLANG_WARN_ENUM_CONVERSION = YES;
				CLANG_WARN_INFINITE_RECURSION = YES;
				CLANG_WARN_INT_CONVERSION = YES;
				CLANG_WARN_NON_LITERAL_NULL_CONVERSION = YES;
				CLANG_WARN_OBJC_IMPLICIT_RETAIN_SELF = YES;
				CLANG_WARN_OBJC_LITERAL_CONVERSION = YES;
				CLANG_WARN_OBJC_ROOT_CLASS = YES_ERROR;
				CLANG_WARN_RANGE_LOOP_ANALYSIS = YES;
				CLANG_WARN_STRICT_PROTOTYPES = YES;
				CLANG_WARN_SUSPICIOUS_MOVE = YES;
				CLANG_WARN_UNGUARDED_AVAILABILITY = YES_AGGRESSIVE;
				CLANG_WARN_UNREACHABLE_CODE = YES;
				CLANG_WARN__DUPLICATE_METHOD_MATCH = YES;
				CODE_SIGN_IDENTITY = "iPhone Developer";
				COPY_PHASE_STRIP = NO;
				DEBUG_INFORMATION_FORMAT = "dwarf-with-dsym";
				ENABLE_NS_ASSERTIONS = NO;
				ENABLE_STRICT_OBJC_MSGSEND = YES;
				GCC_C_LANGUAGE_STANDARD = gnu11;
				GCC_NO_COMMON_BLOCKS = YES;
				GCC_WARN_64_TO_32_BIT_CONVERSION = YES;
				GCC_WARN_ABOUT_RETURN_TYPE = YES_ERROR;
				GCC_WARN_UNDECLARED_SELECTOR = YES;
				GCC_WARN_UNINITIALIZED_AUTOS = YES_AGGRESSIVE;
				GCC_WARN_UNUSED_FUNCTION = YES;
				GCC_WARN_UNUSED_VARIABLE = YES;
				IPHONEOS_DEPLOYMENT_TARGET = 11.3;
				MTL_ENABLE_DEBUG_INFO = NO;
				SDKROOT = iphoneos;
				SWIFT_COMPILATION_MODE = wholemodule;
				SWIFT_OPTIMIZATION_LEVEL = "-O";
				VALIDATE_PRODUCT = YES;
			};
			name = Release;
		};
		5FEF28EF20AB127E00FD604D /* Debug */ = {
			isa = XCBuildConfiguration;
			baseConfigurationReference = 2527E73353CE8595C1B66EAA /* Pods-GuardiansOfBox.debug.xcconfig */;
			buildSettings = {
				ASSETCATALOG_COMPILER_APPICON_NAME = AppIcon;
				CODE_SIGN_STYLE = Automatic;
				DEVELOPMENT_TEAM = 2QG6YWQHVH;
				INFOPLIST_FILE = GuardiansOfBox/Info.plist;
				LD_RUNPATH_SEARCH_PATHS = "$(inherited) @executable_path/Frameworks";
				PRODUCT_BUNDLE_IDENTIFIER = com.EG.GuardiansOfBox;
				PRODUCT_NAME = "$(TARGET_NAME)";
				SWIFT_VERSION = 4.0;
				TARGETED_DEVICE_FAMILY = "1,2";
			};
			name = Debug;
		};
		5FEF28F020AB127E00FD604D /* Release */ = {
			isa = XCBuildConfiguration;
			baseConfigurationReference = 48F28A09BA69289F43C8983B /* Pods-GuardiansOfBox.release.xcconfig */;
			buildSettings = {
				ASSETCATALOG_COMPILER_APPICON_NAME = AppIcon;
				CODE_SIGN_STYLE = Automatic;
				DEVELOPMENT_TEAM = 2QG6YWQHVH;
				INFOPLIST_FILE = GuardiansOfBox/Info.plist;
				LD_RUNPATH_SEARCH_PATHS = "$(inherited) @executable_path/Frameworks";
				PRODUCT_BUNDLE_IDENTIFIER = com.EG.GuardiansOfBox;
				PRODUCT_NAME = "$(TARGET_NAME)";
				SWIFT_VERSION = 4.0;
				TARGETED_DEVICE_FAMILY = "1,2";
			};
			name = Release;
		};
		5FEF28F220AB127E00FD604D /* Debug */ = {
			isa = XCBuildConfiguration;
			buildSettings = {
				ALWAYS_EMBED_SWIFT_STANDARD_LIBRARIES = YES;
				BUNDLE_LOADER = "$(TEST_HOST)";
				CODE_SIGN_STYLE = Automatic;
				DEVELOPMENT_TEAM = 2QG6YWQHVH;
				INFOPLIST_FILE = GuardiansOfBoxTests/Info.plist;
				LD_RUNPATH_SEARCH_PATHS = "$(inherited) @executable_path/Frameworks @loader_path/Frameworks";
				PRODUCT_BUNDLE_IDENTIFIER = com.EG.GuardiansOfBoxTests;
				PRODUCT_NAME = "$(TARGET_NAME)";
				SWIFT_VERSION = 4.0;
				TARGETED_DEVICE_FAMILY = "1,2";
				TEST_HOST = "$(BUILT_PRODUCTS_DIR)/GuardiansOfBox.app/GuardiansOfBox";
			};
			name = Debug;
		};
		5FEF28F320AB127E00FD604D /* Release */ = {
			isa = XCBuildConfiguration;
			buildSettings = {
				ALWAYS_EMBED_SWIFT_STANDARD_LIBRARIES = YES;
				BUNDLE_LOADER = "$(TEST_HOST)";
				CODE_SIGN_STYLE = Automatic;
				DEVELOPMENT_TEAM = 2QG6YWQHVH;
				INFOPLIST_FILE = GuardiansOfBoxTests/Info.plist;
				LD_RUNPATH_SEARCH_PATHS = "$(inherited) @executable_path/Frameworks @loader_path/Frameworks";
				PRODUCT_BUNDLE_IDENTIFIER = com.EG.GuardiansOfBoxTests;
				PRODUCT_NAME = "$(TARGET_NAME)";
				SWIFT_VERSION = 4.0;
				TARGETED_DEVICE_FAMILY = "1,2";
				TEST_HOST = "$(BUILT_PRODUCTS_DIR)/GuardiansOfBox.app/GuardiansOfBox";
			};
			name = Release;
		};
		5FEF28F520AB127E00FD604D /* Debug */ = {
			isa = XCBuildConfiguration;
			buildSettings = {
				ALWAYS_EMBED_SWIFT_STANDARD_LIBRARIES = YES;
				CODE_SIGN_STYLE = Automatic;
				DEVELOPMENT_TEAM = 2QG6YWQHVH;
				INFOPLIST_FILE = GuardiansOfBoxUITests/Info.plist;
				LD_RUNPATH_SEARCH_PATHS = "$(inherited) @executable_path/Frameworks @loader_path/Frameworks";
				PRODUCT_BUNDLE_IDENTIFIER = com.EG.GuardiansOfBoxUITests;
				PRODUCT_NAME = "$(TARGET_NAME)";
				SWIFT_VERSION = 4.0;
				TARGETED_DEVICE_FAMILY = "1,2";
				TEST_TARGET_NAME = GuardiansOfBox;
			};
			name = Debug;
		};
		5FEF28F620AB127E00FD604D /* Release */ = {
			isa = XCBuildConfiguration;
			buildSettings = {
				ALWAYS_EMBED_SWIFT_STANDARD_LIBRARIES = YES;
				CODE_SIGN_STYLE = Automatic;
				DEVELOPMENT_TEAM = 2QG6YWQHVH;
				INFOPLIST_FILE = GuardiansOfBoxUITests/Info.plist;
				LD_RUNPATH_SEARCH_PATHS = "$(inherited) @executable_path/Frameworks @loader_path/Frameworks";
				PRODUCT_BUNDLE_IDENTIFIER = com.EG.GuardiansOfBoxUITests;
				PRODUCT_NAME = "$(TARGET_NAME)";
				SWIFT_VERSION = 4.0;
				TARGETED_DEVICE_FAMILY = "1,2";
				TEST_TARGET_NAME = GuardiansOfBox;
			};
			name = Release;
		};
/* End XCBuildConfiguration section */

/* Begin XCConfigurationList section */
		5FEF28C120AB127B00FD604D /* Build configuration list for PBXProject "GuardiansOfBox" */ = {
			isa = XCConfigurationList;
			buildConfigurations = (
				5FEF28EC20AB127E00FD604D /* Debug */,
				5FEF28ED20AB127E00FD604D /* Release */,
			);
			defaultConfigurationIsVisible = 0;
			defaultConfigurationName = Release;
		};
		5FEF28EE20AB127E00FD604D /* Build configuration list for PBXNativeTarget "GuardiansOfBox" */ = {
			isa = XCConfigurationList;
			buildConfigurations = (
				5FEF28EF20AB127E00FD604D /* Debug */,
				5FEF28F020AB127E00FD604D /* Release */,
			);
			defaultConfigurationIsVisible = 0;
			defaultConfigurationName = Release;
		};
		5FEF28F120AB127E00FD604D /* Build configuration list for PBXNativeTarget "GuardiansOfBoxTests" */ = {
			isa = XCConfigurationList;
			buildConfigurations = (
				5FEF28F220AB127E00FD604D /* Debug */,
				5FEF28F320AB127E00FD604D /* Release */,
			);
			defaultConfigurationIsVisible = 0;
			defaultConfigurationName = Release;
		};
		5FEF28F420AB127E00FD604D /* Build configuration list for PBXNativeTarget "GuardiansOfBoxUITests" */ = {
			isa = XCConfigurationList;
			buildConfigurations = (
				5FEF28F520AB127E00FD604D /* Debug */,
				5FEF28F620AB127E00FD604D /* Release */,
			);
			defaultConfigurationIsVisible = 0;
			defaultConfigurationName = Release;
		};
/* End XCConfigurationList section */
	};
	rootObject = 5FEF28BE20AB127B00FD604D /* Project object */;
}
